
Microsoft Visual Studio Solution File, Format Version 12.00
Project("{FAE04EC0-301F-11D3-BF4B-00C04F79EFBC}") = "Py.LibLocalization", "Py.LibLocalization\Py.LibLocalization.csproj", "{62D60641-FE53-4154-90AC-504AB9A38CEB}"
EndProject
Global
	GlobalSection(SolutionConfigurationPlatforms) = preSolution
		Debug|Any CPU = Debug|Any CPU
		Release|Any CPU = Release|Any CPU
	EndGlobalSection
	GlobalSection(ProjectConfigurationPlatforms) = postSolution
		{62D60641-FE53-4154-90AC-504AB9A38CEB}.Debug|Any CPU.ActiveCfg = Debug|Any CPU
		{62D60641-FE53-4154-90AC-504AB9A38CEB}.Debug|Any CPU.Build.0 = Debug|Any CPU
		{62D60641-FE53-4154-90AC-504AB9A38CEB}.Release|Any CPU.ActiveCfg = Release|Any CPU
		{62D60641-FE53-4154-90AC-504AB9A38CEB}.Release|Any CPU.Build.0 = Release|Any CPU
	EndGlobalSection
EndGlobal
